# This file was autogenerated by Stack.
# You should not edit this file by hand.
# For more information, please see the documentation at:
#   https://docs.haskellstack.org/en/stable/lock_files

packages:
- completed:
    hackage: generic-deriving-1.14.4@sha256:8395764ff8bef9e688b9681dff3bcd0dbb324a22192e5981bcba10afa75b9ac4,7036
    pantry-tree:
      size: 2361
      sha256: ce584012bcc53c9b61722d49feb1e0b041cba293f093466e0cf3c88513b126bc
  original:
    hackage: generic-deriving-1.14.4
snapshots:
- completed:
    size: 650044
    url: https://raw.githubusercontent.com/commercialhaskell/stackage-snapshots/master/lts/20/21.yaml
    sha256: 401a0e813162ba62f04517f60c7d25e93a0f867f94a902421ebf07d1fb5a8c46
  original: lts-20.21
